
Microsoft Visual Studio Solution File, Format Version 12.00
# Visual Studio Version 17
VisualStudioVersion = 17.5.002.0
MinimumVisualStudioVersion = 10.0.40219.1
Project("{9A19103F-16F7-4668-BE54-9A1E7A4F7556}") = "probafeladat-api", "ProbafeladatApi\probafeladat-api.csproj", "{35890553-6497-4700-B2DB-A63BCEA95DFC}"
EndProject
Global
	GlobalSection(SolutionConfigurationPlatforms) = preSolution
		Debug|Any CPU = Debug|Any CPU
		Release|Any CPU = Release|Any CPU
	EndGlobalSection
	GlobalSection(ProjectConfigurationPlatforms) = postSolution
		{35890553-6497-4700-B2DB-A63BCEA95DFC}.Debug|Any CPU.ActiveCfg = Debug|Any CPU
		{35890553-6497-4700-B2DB-A63BCEA95DFC}.Debug|Any CPU.Build.0 = Debug|Any CPU
		{35890553-6497-4700-B2DB-A63BCEA95DFC}.Release|Any CPU.ActiveCfg = Release|Any CPU
		{35890553-6497-4700-B2DB-A63BCEA95DFC}.Release|Any CPU.Build.0 = Release|Any CPU
	EndGlobalSection
	GlobalSection(SolutionProperties) = preSolution
		HideSolutionNode = FALSE
	EndGlobalSection
	GlobalSection(ExtensibilityGlobals) = postSolution
		SolutionGuid = {6C8094F9-1961-493C-A264-B28B91BF58EE}
	EndGlobalSection
EndGlobal
